
Microsoft Visual Studio Solution File, Format Version 12.00
# Visual Studio Version 17
VisualStudioVersion = 17.7.34221.43
MinimumVisualStudioVersion = 10.0.40219.1
Project("{FAE04EC0-301F-11D3-BF4B-00C04F79EFBC}") = "ConAppRealAlgebra", "ConAppRealAlgebra\ConAppRealAlgebra.csproj", "{0DF58AC3-2379-46A0-9B8E-D89401DAB9FF}"
EndProject
Global
	GlobalSection(SolutionConfigurationPlatforms) = preSolution
		Debug|Any CPU = Debug|Any CPU
		Release|Any CPU = Release|Any CPU
	EndGlobalSection
	GlobalSection(ProjectConfigurationPlatforms) = postSolution
		{0DF58AC3-2379-46A0-9B8E-D89401DAB9FF}.Debug|Any CPU.ActiveCfg = Debug|Any CPU
		{0DF58AC3-2379-46A0-9B8E-D89401DAB9FF}.Debug|Any CPU.Build.0 = Debug|Any CPU
		{0DF58AC3-2379-46A0-9B8E-D89401DAB9FF}.Release|Any CPU.ActiveCfg = Release|Any CPU
		{0DF58AC3-2379-46A0-9B8E-D89401DAB9FF}.Release|Any CPU.Build.0 = Release|Any CPU
	EndGlobalSection
	GlobalSection(SolutionProperties) = preSolution
		HideSolutionNode = FALSE
	EndGlobalSection
	GlobalSection(ExtensibilityGlobals) = postSolution
		SolutionGuid = {DF5CE7C6-F059-4C81-B09E-25A48C83B3F0}
	EndGlobalSection
EndGlobal
